dependencies:
  espressif/mdns:
    component_hash: b5b30022c46302eab89c1d2e3b6fb5918a627563a7462f0ee284b22b9a934967
    dependencies:
    - name: idf
      require: private
      version: '>=5.0'
    source:
      registry_url: https://components.espressif.com/
      type: service
    version: 1.14.0
  idf:
    source:
      type: idf
    version: 5.5.5
direct_dependencies:
- espressif/mdns
manifest_hash: 6ee428051ec0be824ad104a0a40d81e9cc2ef0f9af43dc91eb474ab2edd33e4e
target: esp32s3
version: 2.0.0
